
Microsoft Visual Studio Solution File, Format Version 12.00
# Visual Studio for Mac
Project("{FAE04EC0-301F-11D3-BF4B-00C04F79EFBC}") = "Assembly-CSharp", "Assembly-CSharp.csproj", "{76FD23D1-122E-9E6A-B9CF-169FE31ED7B7}"
EndProject
Project("{FAE04EC0-301F-11D3-BF4B-00C04F79EFBC}") = "Assembly-CSharp-Editor", "Assembly-CSharp-Editor.csproj", "{E074E619-4A64-C5F4-BB1E-871C29B429DB}"
EndProject
Global
	GlobalSection(SolutionConfigurationPlatforms) = preSolution
		Debug|Any CPU = Debug|Any CPU
		Release|Any CPU = Release|Any CPU
	EndGlobalSection
	GlobalSection(ProjectConfigurationPlatforms) = postSolution
		{76FD23D1-122E-9E6A-B9CF-169FE31ED7B7}.Debug|Any CPU.ActiveCfg = Debug|Any CPU
		{76FD23D1-122E-9E6A-B9CF-169FE31ED7B7}.Debug|Any CPU.Build.0 = Debug|Any CPU
		{76FD23D1-122E-9E6A-B9CF-169FE31ED7B7}.Release|Any CPU.ActiveCfg = Release|Any CPU
		{76FD23D1-122E-9E6A-B9CF-169FE31ED7B7}.Release|Any CPU.Build.0 = Release|Any CPU
		{E074E619-4A64-C5F4-BB1E-871C29B429DB}.Debug|Any CPU.ActiveCfg = Debug|Any CPU
		{E074E619-4A64-C5F4-BB1E-871C29B429DB}.Debug|Any CPU.Build.0 = Debug|Any CPU
		{E074E619-4A64-C5F4-BB1E-871C29B429DB}.Release|Any CPU.ActiveCfg = Release|Any CPU
		{E074E619-4A64-C5F4-BB1E-871C29B429DB}.Release|Any CPU.Build.0 = Release|Any CPU
	EndGlobalSection
	GlobalSection(SolutionProperties) = preSolution
		HideSolutionNode = FALSE
	EndGlobalSection
EndGlobal
